// !$*UTF8*$!
{
	archiveVersion = 1;
	classes = {
	};
	objectVersion = 50;
	objects = {

/* Begin PBXBuildFile section */
		55C5645D2418F7AC001FB0FC /* AppDelegate.m in Sources */ = {isa = PBXBuildFile; fileRef = 55C5645C2418F7AC001FB0FC /* AppDelegate.m */; };
		55C564632418F7AC001FB0FC /* ViewController.m in Sources */ = {isa = PBXBuildFile; fileRef = 55C564622418F7AC001FB0FC /* ViewController.m */; };
		55C564662418F7AC001FB0FC /* Main.storyboard in Resources */ = {isa = PBXBuildFile; fileRef = 55C564642418F7AC001FB0FC /* Main.storyboard */; };
		55C564682418F7AD001FB0FC /* Assets.xcassets in Resources */ = {isa = PBXBuildFile; fileRef = 55C564672418F7AD001FB0FC /* Assets.xcassets */; };
		55C5646B2418F7AD001FB0FC /* LaunchScreen.storyboard in Resources */ = {isa = PBXBuildFile; fileRef = 55C564692418F7AD001FB0FC /* LaunchScreen.storyboard */; };
		55C5646E2418F7AD001FB0FC /* main.m in Sources */ = {isa = PBXBuildFile; fileRef = 55C5646D2418F7AD001FB0FC /* main.m */; };
/* End PBXBuildFile section */

/* Begin PBXFileReference section */
		55C564582418F7AC001FB0FC /* RegisterWithWebService.app */ = {isa = PBXFileReference; explicitFileType = wrapper.application; includeInIndex = 0; path = RegisterWithWebService.app; sourceTree = BUILT_PRODUCTS_DIR; };
		55C5645B2418F7AC001FB0FC /* AppDelegate.h */ = {isa = PBXFileReference; lastKnownFileType = sourcecode.c.h; path = AppDelegate.h; sourceTree = "<group>"; };
		55C5645C2418F7AC001FB0FC /* AppDelegate.m */ = {isa = PBXFileReference; lastKnownFileType = sourcecode.c.objc; path = AppDelegate.m; sourceTree = "<group>"; };
		55C564612418F7AC001FB0FC /* ViewController.h */ = {isa = PBXFileReference; lastKnownFileType = sourcecode.c.h; path = ViewController.h; sourceTree = "<group>"; };
		55C564622418F7AC001FB0FC /* ViewController.m */ = {isa = PBXFileReference; lastKnownFileType = sourcecode.c.objc; path = ViewController.m; sourceTree = "<group>"; };
		55C564652418F7AC001FB0FC /* Base */ = {isa = PBXFileReference; lastKnownFileType = file.storyboard; name = Base; path = Base.lproj/Main.storyboard; sourceTree = "<group>"; };
		55C564672418F7AD001FB0FC /* Assets.xcassets */ = {isa = PBXFileReference; lastKnownFileType = folder.assetcatalog; path = Assets.xcassets; sourceTree = "<group>"; };
		55C5646A2418F7AD001FB0FC /* Base */ = {isa = PBXFileReference; lastKnownFileType = file.storyboard; name = Base; path = Base.lproj/LaunchScreen.storyboard; sourceTree = "<group>"; };
		55C5646C2418F7AD001FB0FC /* Info.plist */ = {isa = PBXFileReference; lastKnownFileType = text.plist.xml; path = Info.plist; sourceTree = "<group>"; };
		55C5646D2418F7AD001FB0FC /* main.m */ = {isa = PBXFileReference; lastKnownFileType = sourcecode.c.objc; path = main.m; sourceTree = "<group>"; };
/* End PBXFileReference section */

/* Begin PBXFrameworksBuildPhase section */
		55C564552418F7AC001FB0FC /* Frameworks */ = {
			isa = PBXFrameworksBuildPhase;
			buildActionMask = 2147483647;
			files = (
			);
			runOnlyForDeploymentPostprocessing = 0;
		};
/* End PBXFrameworksBuildPhase section */

/* Begin PBXGroup section */
		55C5644F2418F7AC001FB0FC = {
			isa = PBXGroup;
			children = (
				55C5645A2418F7AC001FB0FC /* RegisterWithWebService */,
				55C564592418F7AC001FB0FC /* Products */,
			);
			sourceTree = "<group>";
		};
		55C564592418F7AC001FB0FC /* Products */ = {
			isa = PBXGroup;
			children = (
				55C564582418F7AC001FB0FC /* RegisterWithWebService.app */,
			);
			name = Products;
			sourceTree = "<group>";
		};
		55C5645A2418F7AC001FB0FC /* RegisterWithWebService */ = {
			isa = PBXGroup;
			children = (
				55C5645B2418F7AC001FB0FC /* AppDelegate.h */,
				55C5645C2418F7AC001FB0FC /* AppDelegate.m */,
				55C564612418F7AC001FB0FC /* ViewController.h */,
				55C564622418F7AC001FB0FC /* ViewController.m */,
				55C564642418F7AC001FB0FC /* Main.storyboard */,
				55C564672418F7AD001FB0FC /* Assets.xcassets */,
				55C564692418F7AD001FB0FC /* LaunchScreen.storyboard */,
				55C5646C2418F7AD001FB0FC /* Info.plist */,
				55C5646D2418F7AD001FB0FC /* main.m */,
			);
			path = RegisterWithWebService;
			sourceTree = "<group>";
		};
/* End PBXGroup section */

/* Begin PBXNativeTarget section */
		55C564572418F7AC001FB0FC /* RegisterWithWebService */ = {
			isa = PBXNativeTarget;
			buildConfigurationList = 55C564712418F7AD001FB0FC /* Build configuration list for PBXNativeTarget "RegisterWithWebService" */;
			buildPhases = (
				55C564542418F7AC001FB0FC /* Sources */,
				55C564552418F7AC001FB0FC /* Frameworks */,
				55C564562418F7AC001FB0FC /* Resources */,
			);
			buildRules = (
			);
			dependencies = (
			);
			name = RegisterWithWebService;
			productName = RegisterWithWebService;
			productReference = 55C564582418F7AC001FB0FC /* RegisterWithWebService.app */;
			productType = "com.apple.product-type.application";
		};
/* End PBXNativeTarget section */

/* Begin PBXProject section */
		55C564502418F7AC001FB0FC /* Project object */ = {
			isa = PBXProject;
			attributes = {
				LastUpgradeCheck = 1130;
				ORGANIZATIONNAME = "Abd-Elmalek";
				TargetAttributes = {
					55C564572418F7AC001FB0FC = {
						CreatedOnToolsVersion = 11.3.1;
					};
				};
			};
			buildConfigurationList = 55C564532418F7AC001FB0FC /* Build configuration list for PBXProject "RegisterWithWebService" */;
			compatibilityVersion = "Xcode 9.3";
			developmentRegion = en;
			hasScannedForEncodings = 0;
			knownRegions = (
				en,
				Base,
			);
			mainGroup = 55C5644F2418F7AC001FB0FC;
			productRefGroup = 55C564592418F7AC001FB0FC /* Products */;
			projectDirPath = "";
			projectRoot = "";
			targets = (
				55C564572418F7AC001FB0FC /* RegisterWithWebService */,
			);
		};
/* End PBXProject section */

/* Begin PBXResourcesBuildPhase section */
		55C564562418F7AC001FB0FC /* Resources */ = {
			isa = PBXResourcesBuildPhase;
			buildActionMask = 2147483647;
			files = (
				55C5646B2418F7AD001FB0FC /* LaunchScreen.storyboard in Resources */,
				55C564682418F7AD001FB0FC /* Assets.xcassets in Resources */,
				55C564662418F7AC001FB0FC /* Main.storyboard in Resources */,
			);
			runOnlyForDeploymentPostprocessing = 0;
		};
/* End PBXResourcesBuildPhase section */

/* Begin PBXSourcesBuildPhase section */
		55C564542418F7AC001FB0FC /* Sources */ = {
			isa = PBXSourcesBuildPhase;
			buildActionMask = 2147483647;
			files = (
				55C564632418F7AC001FB0FC /* ViewController.m in Sources */,
				55C5645D2418F7AC001FB0FC /* AppDelegate.m in Sources */,
				55C5646E2418F7AD001FB0FC /* main.m in Sources */,
			);
			runOnlyForDeploymentPostprocessing = 0;
		};
/* End PBXSourcesBuildPhase section */

/* Begin PBXVariantGroup section */
		55C564642418F7AC001FB0FC /* Main.storyboard */ = {
			isa = PBXVariantGroup;
			children = (
				55C564652418F7AC001FB0FC /* Base */,
			);
			name = Main.storyboard;
			sourceTree = "<group>";
		};
		55C564692418F7AD001FB0FC /* LaunchScreen.storyboard */ = {
			isa = PBXVariantGroup;
			children = (
				55C5646A2418F7AD001FB0FC /* Base */,
			);
			name = LaunchScreen.storyboard;
			sourceTree = "<group>";
		};
/* End PBXVariantGroup section */

/* Begin XCBuildConfiguration section */
		55C5646F2418F7AD001FB0FC /* Debug */ = {
			isa = XCBuildConfiguration;
			buildSettings = {
				ALWAYS_SEARCH_USER_PATHS = NO;
				CLANG_ANALYZER_NONNULL = YES;
				CLANG_ANALYZER_NUMBER_OBJECT_CONVERSION = YES_AGGRESSIVE;
				CLANG_CXX_LANGUAGE_STANDARD = "gnu++14";
				CLANG_CXX_LIBRARY = "libc++";
				CLANG_ENABLE_MODULES = YES;
				CLANG_ENABLE_OBJC_ARC = YES;
				CLANG_ENABLE_OBJC_WEAK = YES;
				CLANG_WARN_BLOCK_CAPTURE_AUTORELEASING = YES;
				CLANG_WARN_BOOL_CONVERSION = YES;
				CLANG_WARN_COMMA = YES;
				CLANG_WARN_CONSTANT_CONVERSION = YES;
				CLANG_WARN_DEPRECATED_OBJC_IMPLEMENTATIONS = YES;
				CLANG_WARN_DIRECT_OBJC_ISA_USAGE = YES_ERROR;
				CLANG_WARN_DOCUMENTATION_COMMENTS = YES;
				CLANG_WARN_EMPTY_BODY = YES;
				CLANG_WARN_ENUM_CONVERSION = YES;
				CLANG_WARN_INFINITE_RECURSION = YES;
				CLANG_WARN_INT_CONVERSION = YES;
				CLANG_WARN_NON_LITERAL_NULL_CONVERSION = YES;
				CLANG_WARN_OBJC_IMPLICIT_RETAIN_SELF = YES;
				CLANG_WARN_OBJC_LITERAL_CONVERSION = YES;
				CLANG_WARN_OBJC_ROOT_CLASS = YES_ERROR;
				CLANG_WARN_RANGE_LOOP_ANALYSIS = YES;
				CLANG_WARN_STRICT_PROTOTYPES = YES;
				CLANG_WARN_SUSPICIOUS_MOVE = YES;
				CLANG_WARN_UNGUARDED_AVAILABILITY = YES_AGGRESSIVE;
				CLANG_WARN_UNREACHABLE_CODE = YES;
				CLANG_WARN__DUPLICATE_METHOD_MATCH = YES;
				COPY_PHASE_STRIP = NO;
				DEBUG_INFORMATION_FORMAT = dwarf;
				ENABLE_STRICT_OBJC_MSGSEND = YES;
				ENABLE_TESTABILITY = YES;
				GCC_C_LANGUAGE_STANDARD = gnu11;
				GCC_DYNAMIC_NO_PIC = NO;
				GCC_NO_COMMON_BLOCKS = YES;
				GCC_OPTIMIZATION_LEVEL = 0;
				GCC_PREPROCESSOR_DEFINITIONS = (
					"DEBUG=1",
					"$(inherited)",
				);
				GCC_WARN_64_TO_32_BIT_CONVERSION = YES;
				GCC_WARN_ABOUT_RETURN_TYPE = YES_ERROR;
				GCC_WARN_UNDECLARED_SELECTOR = YES;
				GCC_WARN_UNINITIALIZED_AUTOS = YES_AGGRESSIVE;
				GCC_WARN_UNUSED_FUNCTION = YES;
				GCC_WARN_UNUSED_VARIABLE = YES;
				IPHONEOS_DEPLOYMENT_TARGET = 13.2;
				MTL_ENABLE_DEBUG_INFO = INCLUDE_SOURCE;
				MTL_FAST_MATH = YES;
				ONLY_ACTIVE_ARCH = YES;
				SDKROOT = iphoneos;
			};
			name = Debug;
		};
		55C564702418F7AD001FB0FC /* Release */ = {
			isa = XCBuildConfiguration;
			buildSettings = {
				ALWAYS_SEARCH_USER_PATHS = NO;
				CLANG_ANALYZER_NONNULL = YES;
				CLANG_ANALYZER_NUMBER_OBJECT_CONVERSION = YES_AGGRESSIVE;
				CLANG_CXX_LANGUAGE_STANDARD = "gnu++14";
				CLANG_CXX_LIBRARY = "libc++";
				CLANG_ENABLE_MODULES = YES;
				CLANG_ENABLE_OBJC_ARC = YES;
				CLANG_ENABLE_OBJC_WEAK = YES;
				CLANG_WARN_BLOCK_CAPTURE_AUTORELEASING = YES;
				CLANG_WARN_BOOL_CONVERSION = YES;
				CLANG_WARN_COMMA = YES;
				CLANG_WARN_CONSTANT_CONVERSION = YES;
				CLANG_WARN_DEPRECATED_OBJC_IMPLEMENTATIONS = YES;
				CLANG_WARN_DIRECT_OBJC_ISA_USAGE = YES_ERROR;
				CLANG_WARN_DOCUMENTATION_COMMENTS = YES;
				CLANG_WARN_EMPTY_BODY = YES;
				CLANG_WARN_ENUM_CONVERSION = YES;
				CLANG_WARN_INFINITE_RECURSION = YES;
				CLANG_WARN_INT_CONVERSION = YES;
				CLANG_WARN_NON_LITERAL_NULL_CONVERSION = YES;
				CLANG_WARN_OBJC_IMPLICIT_RETAIN_SELF = YES;
				CLANG_WARN_OBJC_LITERAL_CONVERSION = YES;
				CLANG_WARN_OBJC_ROOT_CLASS = YES_ERROR;
				CLANG_WARN_RANGE_LOOP_ANALYSIS = YES;
				CLANG_WARN_STRICT_PROTOTYPES = YES;
				CLANG_WARN_SUSPICIOUS_MOVE = YES;
				CLANG_WARN_UNGUARDED_AVAILABILITY = YES_AGGRESSIVE;
				CLANG_WARN_UNREACHABLE_CODE = YES;
				CLANG_WARN__DUPLICATE_METHOD_MATCH = YES;
				COPY_PHASE_STRIP = NO;
				DEBUG_INFORMATION_FORMAT = "dwarf-with-dsym";
				ENABLE_NS_ASSERTIONS = NO;
				ENABLE_STRICT_OBJC_MSGSEND = YES;
				GCC_C_LANGUAGE_STANDARD = gnu11;
				GCC_NO_COMMON_BLOCKS = YES;
				GCC_WARN_64_TO_32_BIT_CONVERSION = YES;
				GCC_WARN_ABOUT_RETURN_TYPE = YES_ERROR;
				GCC_WARN_UNDECLARED_SELECTOR = YES;
				GCC_WARN_UNINITIALIZED_AUTOS = YES_AGGRESSIVE;
				GCC_WARN_UNUSED_FUNCTION = YES;
				GCC_WARN_UNUSED_VARIABLE = YES;
				IPHONEOS_DEPLOYMENT_TARGET = 13.2;
				MTL_ENABLE_DEBUG_INFO = NO;
				MTL_FAST_MATH = YES;
				SDKROOT = iphoneos;
				VALIDATE_PRODUCT = YES;
			};
			name = Release;
		};
		55C564722418F7AD001FB0FC /* Debug */ = {
			isa = XCBuildConfiguration;
			buildSettings = {
				ASSETCATALOG_COMPILER_APPICON_NAME = AppIcon;
				CODE_SIGN_STYLE = Automatic;
				INFOPLIST_FILE = RegisterWithWebService/Info.plist;
				LD_RUNPATH_SEARCH_PATHS = (
					"$(inherited)",
					"@executable_path/Frameworks",
				);
				PRODUCT_BUNDLE_IDENTIFIER = "abd-elmalek.RegisterWithWebService";
				PRODUCT_NAME = "$(TARGET_NAME)";
				TARGETED_DEVICE_FAMILY = "1,2";
			};
			name = Debug;
		};
		55C564732418F7AD001FB0FC /* Release */ = {
			isa = XCBuildConfiguration;
			buildSettings = {
				ASSETCATALOG_COMPILER_APPICON_NAME = AppIcon;
				CODE_SIGN_STYLE = Automatic;
				INFOPLIST_FILE = RegisterWithWebService/Info.plist;
				LD_RUNPATH_SEARCH_PATHS = (
					"$(inherited)",
					"@executable_path/Frameworks",
				);
				PRODUCT_BUNDLE_IDENTIFIER = "abd-elmalek.RegisterWithWebService";
				PRODUCT_NAME = "$(TARGET_NAME)";
				TARGETED_DEVICE_FAMILY = "1,2";
			};
			name = Release;
		};
/* End XCBuildConfiguration section */

/* Begin XCConfigurationList section */
		55C564532418F7AC001FB0FC /* Build configuration list for PBXProject "RegisterWithWebService" */ = {
			isa = XCConfigurationList;
			buildConfigurations = (
				55C5646F2418F7AD001FB0FC /* Debug */,
				55C564702418F7AD001FB0FC /* Release */,
			);
			defaultConfigurationIsVisible = 0;
			defaultConfigurationName = Release;
		};
		55C564712418F7AD001FB0FC /* Build configuration list for PBXNativeTarget "RegisterWithWebService" */ = {
			isa = XCConfigurationList;
			buildConfigurations = (
				55C564722418F7AD001FB0FC /* Debug */,
				55C564732418F7AD001FB0FC /* Release */,
			);
			defaultConfigurationIsVisible = 0;
			defaultConfigurationName = Release;
		};
/* End XCConfigurationList section */
	};
	rootObject = 55C564502418F7AC001FB0FC /* Project object */;
}
