// !$*UTF8*$!
{
	archiveVersion = 1;
	classes = {
	};
	objectVersion = 50;
	objects = {

/* Begin PBXBuildFile section */
		552F10E8241317E400018F49 /* AppDelegate.m in Sources */ = {isa = PBXBuildFile; fileRef = 552F10E7241317E400018F49 /* AppDelegate.m */; };
		552F10EB241317E400018F49 /* SceneDelegate.m in Sources */ = {isa = PBXBuildFile; fileRef = 552F10EA241317E400018F49 /* SceneDelegate.m */; };
		552F10EE241317E400018F49 /* ViewController.m in Sources */ = {isa = PBXBuildFile; fileRef = 552F10ED241317E400018F49 /* ViewController.m */; };
		552F10F1241317E400018F49 /* Main.storyboard in Resources */ = {isa = PBXBuildFile; fileRef = 552F10EF241317E400018F49 /* Main.storyboard */; };
		552F10F3241317E600018F49 /* Assets.xcassets in Resources */ = {isa = PBXBuildFile; fileRef = 552F10F2241317E600018F49 /* Assets.xcassets */; };
		552F10F6241317E600018F49 /* LaunchScreen.storyboard in Resources */ = {isa = PBXBuildFile; fileRef = 552F10F4241317E600018F49 /* LaunchScreen.storyboard */; };
		552F10F9241317E600018F49 /* main.m in Sources */ = {isa = PBXBuildFile; fileRef = 552F10F8241317E600018F49 /* main.m */; };
/* End PBXBuildFile section */

/* Begin PBXFileReference section */
		552F10E3241317E400018F49 /* InputValidation.app */ = {isa = PBXFileReference; explicitFileType = wrapper.application; includeInIndex = 0; path = InputValidation.app; sourceTree = BUILT_PRODUCTS_DIR; };
		552F10E6241317E400018F49 /* AppDelegate.h */ = {isa = PBXFileReference; lastKnownFileType = sourcecode.c.h; path = AppDelegate.h; sourceTree = "<group>"; };
		552F10E7241317E400018F49 /* AppDelegate.m */ = {isa = PBXFileReference; lastKnownFileType = sourcecode.c.objc; path = AppDelegate.m; sourceTree = "<group>"; };
		552F10E9241317E400018F49 /* SceneDelegate.h */ = {isa = PBXFileReference; lastKnownFileType = sourcecode.c.h; path = SceneDelegate.h; sourceTree = "<group>"; };
		552F10EA241317E400018F49 /* SceneDelegate.m */ = {isa = PBXFileReference; lastKnownFileType = sourcecode.c.objc; path = SceneDelegate.m; sourceTree = "<group>"; };
		552F10EC241317E400018F49 /* ViewController.h */ = {isa = PBXFileReference; lastKnownFileType = sourcecode.c.h; path = ViewController.h; sourceTree = "<group>"; };
		552F10ED241317E400018F49 /* ViewController.m */ = {isa = PBXFileReference; lastKnownFileType = sourcecode.c.objc; path = ViewController.m; sourceTree = "<group>"; };
		552F10F0241317E400018F49 /* Base */ = {isa = PBXFileReference; lastKnownFileType = file.storyboard; name = Base; path = Base.lproj/Main.storyboard; sourceTree = "<group>"; };
		552F10F2241317E600018F49 /* Assets.xcassets */ = {isa = PBXFileReference; lastKnownFileType = folder.assetcatalog; path = Assets.xcassets; sourceTree = "<group>"; };
		552F10F5241317E600018F49 /* Base */ = {isa = PBXFileReference; lastKnownFileType = file.storyboard; name = Base; path = Base.lproj/LaunchScreen.storyboard; sourceTree = "<group>"; };
		552F10F7241317E600018F49 /* Info.plist */ = {isa = PBXFileReference; lastKnownFileType = text.plist.xml; path = Info.plist; sourceTree = "<group>"; };
		552F10F8241317E600018F49 /* main.m */ = {isa = PBXFileReference; lastKnownFileType = sourcecode.c.objc; path = main.m; sourceTree = "<group>"; };
/* End PBXFileReference section */

/* Begin PBXFrameworksBuildPhase section */
		552F10E0241317E400018F49 /* Frameworks */ = {
			isa = PBXFrameworksBuildPhase;
			buildActionMask = 2147483647;
			files = (
			);
			runOnlyForDeploymentPostprocessing = 0;
		};
/* End PBXFrameworksBuildPhase section */

/* Begin PBXGroup section */
		552F10DA241317E400018F49 = {
			isa = PBXGroup;
			children = (
				552F10E5241317E400018F49 /* InputValidation */,
				552F10E4241317E400018F49 /* Products */,
			);
			sourceTree = "<group>";
		};
		552F10E4241317E400018F49 /* Products */ = {
			isa = PBXGroup;
			children = (
				552F10E3241317E400018F49 /* InputValidation.app */,
			);
			name = Products;
			sourceTree = "<group>";
		};
		552F10E5241317E400018F49 /* InputValidation */ = {
			isa = PBXGroup;
			children = (
				552F10E6241317E400018F49 /* AppDelegate.h */,
				552F10E7241317E400018F49 /* AppDelegate.m */,
				552F10E9241317E400018F49 /* SceneDelegate.h */,
				552F10EA241317E400018F49 /* SceneDelegate.m */,
				552F10EC241317E400018F49 /* ViewController.h */,
				552F10ED241317E400018F49 /* ViewController.m */,
				552F10EF241317E400018F49 /* Main.storyboard */,
				552F10F2241317E600018F49 /* Assets.xcassets */,
				552F10F4241317E600018F49 /* LaunchScreen.storyboard */,
				552F10F7241317E600018F49 /* Info.plist */,
				552F10F8241317E600018F49 /* main.m */,
			);
			path = InputValidation;
			sourceTree = "<group>";
		};
/* End PBXGroup section */

/* Begin PBXNativeTarget section */
		552F10E2241317E400018F49 /* InputValidation */ = {
			isa = PBXNativeTarget;
			buildConfigurationList = 552F10FC241317E600018F49 /* Build configuration list for PBXNativeTarget "InputValidation" */;
			buildPhases = (
				552F10DF241317E400018F49 /* Sources */,
				552F10E0241317E400018F49 /* Frameworks */,
				552F10E1241317E400018F49 /* Resources */,
			);
			buildRules = (
			);
			dependencies = (
			);
			name = InputValidation;
			productName = InputValidation;
			productReference = 552F10E3241317E400018F49 /* InputValidation.app */;
			productType = "com.apple.product-type.application";
		};
/* End PBXNativeTarget section */

/* Begin PBXProject section */
		552F10DB241317E400018F49 /* Project object */ = {
			isa = PBXProject;
			attributes = {
				LastUpgradeCheck = 1130;
				ORGANIZATIONNAME = "Abd-Elmalek";
				TargetAttributes = {
					552F10E2241317E400018F49 = {
						CreatedOnToolsVersion = 11.3.1;
					};
				};
			};
			buildConfigurationList = 552F10DE241317E400018F49 /* Build configuration list for PBXProject "InputValidation" */;
			compatibilityVersion = "Xcode 9.3";
			developmentRegion = en;
			hasScannedForEncodings = 0;
			knownRegions = (
				en,
				Base,
			);
			mainGroup = 552F10DA241317E400018F49;
			productRefGroup = 552F10E4241317E400018F49 /* Products */;
			projectDirPath = "";
			projectRoot = "";
			targets = (
				552F10E2241317E400018F49 /* InputValidation */,
			);
		};
/* End PBXProject section */

/* Begin PBXResourcesBuildPhase section */
		552F10E1241317E400018F49 /* Resources */ = {
			isa = PBXResourcesBuildPhase;
			buildActionMask = 2147483647;
			files = (
				552F10F6241317E600018F49 /* LaunchScreen.storyboard in Resources */,
				552F10F3241317E600018F49 /* Assets.xcassets in Resources */,
				552F10F1241317E400018F49 /* Main.storyboard in Resources */,
			);
			runOnlyForDeploymentPostprocessing = 0;
		};
/* End PBXResourcesBuildPhase section */

/* Begin PBXSourcesBuildPhase section */
		552F10DF241317E400018F49 /* Sources */ = {
			isa = PBXSourcesBuildPhase;
			buildActionMask = 2147483647;
			files = (
				552F10EE241317E400018F49 /* ViewController.m in Sources */,
				552F10E8241317E400018F49 /* AppDelegate.m in Sources */,
				552F10F9241317E600018F49 /* main.m in Sources */,
				552F10EB241317E400018F49 /* SceneDelegate.m in Sources */,
			);
			runOnlyForDeploymentPostprocessing = 0;
		};
/* End PBXSourcesBuildPhase section */

/* Begin PBXVariantGroup section */
		552F10EF241317E400018F49 /* Main.storyboard */ = {
			isa = PBXVariantGroup;
			children = (
				552F10F0241317E400018F49 /* Base */,
			);
			name = Main.storyboard;
			sourceTree = "<group>";
		};
		552F10F4241317E600018F49 /* LaunchScreen.storyboard */ = {
			isa = PBXVariantGroup;
			children = (
				552F10F5241317E600018F49 /* Base */,
			);
			name = LaunchScreen.storyboard;
			sourceTree = "<group>";
		};
/* End PBXVariantGroup section */

/* Begin XCBuildConfiguration section */
		552F10FA241317E600018F49 /* Debug */ = {
			isa = XCBuildConfiguration;
			buildSettings = {
				ALWAYS_SEARCH_USER_PATHS = NO;
				CLANG_ANALYZER_NONNULL = YES;
				CLANG_ANALYZER_NUMBER_OBJECT_CONVERSION = YES_AGGRESSIVE;
				CLANG_CXX_LANGUAGE_STANDARD = "gnu++14";
				CLANG_CXX_LIBRARY = "libc++";
				CLANG_ENABLE_MODULES = YES;
				CLANG_ENABLE_OBJC_ARC = YES;
				CLANG_ENABLE_OBJC_WEAK = YES;
				CLANG_WARN_BLOCK_CAPTURE_AUTORELEASING = YES;
				CLANG_WARN_BOOL_CONVERSION = YES;
				CLANG_WARN_COMMA = YES;
				CLANG_WARN_CONSTANT_CONVERSION = YES;
				CLANG_WARN_DEPRECATED_OBJC_IMPLEMENTATIONS = YES;
				CLANG_WARN_DIRECT_OBJC_ISA_USAGE = YES_ERROR;
				CLANG_WARN_DOCUMENTATION_COMMENTS = YES;
				CLANG_WARN_EMPTY_BODY = YES;
				CLANG_WARN_ENUM_CONVERSION = YES;
				CLANG_WARN_INFINITE_RECURSION = YES;
				CLANG_WARN_INT_CONVERSION = YES;
				CLANG_WARN_NON_LITERAL_NULL_CONVERSION = YES;
				CLANG_WARN_OBJC_IMPLICIT_RETAIN_SELF = YES;
				CLANG_WARN_OBJC_LITERAL_CONVERSION = YES;
				CLANG_WARN_OBJC_ROOT_CLASS = YES_ERROR;
				CLANG_WARN_RANGE_LOOP_ANALYSIS = YES;
				CLANG_WARN_STRICT_PROTOTYPES = YES;
				CLANG_WARN_SUSPICIOUS_MOVE = YES;
				CLANG_WARN_UNGUARDED_AVAILABILITY = YES_AGGRESSIVE;
				CLANG_WARN_UNREACHABLE_CODE = YES;
				CLANG_WARN__DUPLICATE_METHOD_MATCH = YES;
				COPY_PHASE_STRIP = NO;
				DEBUG_INFORMATION_FORMAT = dwarf;
				ENABLE_STRICT_OBJC_MSGSEND = YES;
				ENABLE_TESTABILITY = YES;
				GCC_C_LANGUAGE_STANDARD = gnu11;
				GCC_DYNAMIC_NO_PIC = NO;
				GCC_NO_COMMON_BLOCKS = YES;
				GCC_OPTIMIZATION_LEVEL = 0;
				GCC_PREPROCESSOR_DEFINITIONS = (
					"DEBUG=1",
					"$(inherited)",
				);
				GCC_WARN_64_TO_32_BIT_CONVERSION = YES;
				GCC_WARN_ABOUT_RETURN_TYPE = YES_ERROR;
				GCC_WARN_UNDECLARED_SELECTOR = YES;
				GCC_WARN_UNINITIALIZED_AUTOS = YES_AGGRESSIVE;
				GCC_WARN_UNUSED_FUNCTION = YES;
				GCC_WARN_UNUSED_VARIABLE = YES;
				IPHONEOS_DEPLOYMENT_TARGET = 13.2;
				MTL_ENABLE_DEBUG_INFO = INCLUDE_SOURCE;
				MTL_FAST_MATH = YES;
				ONLY_ACTIVE_ARCH = YES;
				SDKROOT = iphoneos;
			};
			name = Debug;
		};
		552F10FB241317E600018F49 /* Release */ = {
			isa = XCBuildConfiguration;
			buildSettings = {
				ALWAYS_SEARCH_USER_PATHS = NO;
				CLANG_ANALYZER_NONNULL = YES;
				CLANG_ANALYZER_NUMBER_OBJECT_CONVERSION = YES_AGGRESSIVE;
				CLANG_CXX_LANGUAGE_STANDARD = "gnu++14";
				CLANG_CXX_LIBRARY = "libc++";
				CLANG_ENABLE_MODULES = YES;
				CLANG_ENABLE_OBJC_ARC = YES;
				CLANG_ENABLE_OBJC_WEAK = YES;
				CLANG_WARN_BLOCK_CAPTURE_AUTORELEASING = YES;
				CLANG_WARN_BOOL_CONVERSION = YES;
				CLANG_WARN_COMMA = YES;
				CLANG_WARN_CONSTANT_CONVERSION = YES;
				CLANG_WARN_DEPRECATED_OBJC_IMPLEMENTATIONS = YES;
				CLANG_WARN_DIRECT_OBJC_ISA_USAGE = YES_ERROR;
				CLANG_WARN_DOCUMENTATION_COMMENTS = YES;
				CLANG_WARN_EMPTY_BODY = YES;
				CLANG_WARN_ENUM_CONVERSION = YES;
				CLANG_WARN_INFINITE_RECURSION = YES;
				CLANG_WARN_INT_CONVERSION = YES;
				CLANG_WARN_NON_LITERAL_NULL_CONVERSION = YES;
				CLANG_WARN_OBJC_IMPLICIT_RETAIN_SELF = YES;
				CLANG_WARN_OBJC_LITERAL_CONVERSION = YES;
				CLANG_WARN_OBJC_ROOT_CLASS = YES_ERROR;
				CLANG_WARN_RANGE_LOOP_ANALYSIS = YES;
				CLANG_WARN_STRICT_PROTOTYPES = YES;
				CLANG_WARN_SUSPICIOUS_MOVE = YES;
				CLANG_WARN_UNGUARDED_AVAILABILITY = YES_AGGRESSIVE;
				CLANG_WARN_UNREACHABLE_CODE = YES;
				CLANG_WARN__DUPLICATE_METHOD_MATCH = YES;
				COPY_PHASE_STRIP = NO;
				DEBUG_INFORMATION_FORMAT = "dwarf-with-dsym";
				ENABLE_NS_ASSERTIONS = NO;
				ENABLE_STRICT_OBJC_MSGSEND = YES;
				GCC_C_LANGUAGE_STANDARD = gnu11;
				GCC_NO_COMMON_BLOCKS = YES;
				GCC_WARN_64_TO_32_BIT_CONVERSION = YES;
				GCC_WARN_ABOUT_RETURN_TYPE = YES_ERROR;
				GCC_WARN_UNDECLARED_SELECTOR = YES;
				GCC_WARN_UNINITIALIZED_AUTOS = YES_AGGRESSIVE;
				GCC_WARN_UNUSED_FUNCTION = YES;
				GCC_WARN_UNUSED_VARIABLE = YES;
				IPHONEOS_DEPLOYMENT_TARGET = 13.2;
				MTL_ENABLE_DEBUG_INFO = NO;
				MTL_FAST_MATH = YES;
				SDKROOT = iphoneos;
				VALIDATE_PRODUCT = YES;
			};
			name = Release;
		};
		552F10FD241317E600018F49 /* Debug */ = {
			isa = XCBuildConfiguration;
			buildSettings = {
				ASSETCATALOG_COMPILER_APPICON_NAME = AppIcon;
				CODE_SIGN_STYLE = Automatic;
				INFOPLIST_FILE = InputValidation/Info.plist;
				LD_RUNPATH_SEARCH_PATHS = (
					"$(inherited)",
					"@executable_path/Frameworks",
				);
				PRODUCT_BUNDLE_IDENTIFIER = "abd-elmalek.InputValidation";
				PRODUCT_NAME = "$(TARGET_NAME)";
				TARGETED_DEVICE_FAMILY = "1,2";
			};
			name = Debug;
		};
		552F10FE241317E600018F49 /* Release */ = {
			isa = XCBuildConfiguration;
			buildSettings = {
				ASSETCATALOG_COMPILER_APPICON_NAME = AppIcon;
				CODE_SIGN_STYLE = Automatic;
				INFOPLIST_FILE = InputValidation/Info.plist;
				LD_RUNPATH_SEARCH_PATHS = (
					"$(inherited)",
					"@executable_path/Frameworks",
				);
				PRODUCT_BUNDLE_IDENTIFIER = "abd-elmalek.InputValidation";
				PRODUCT_NAME = "$(TARGET_NAME)";
				TARGETED_DEVICE_FAMILY = "1,2";
			};
			name = Release;
		};
/* End XCBuildConfiguration section */

/* Begin XCConfigurationList section */
		552F10DE241317E400018F49 /* Build configuration list for PBXProject "InputValidation" */ = {
			isa = XCConfigurationList;
			buildConfigurations = (
				552F10FA241317E600018F49 /* Debug */,
				552F10FB241317E600018F49 /* Release */,
			);
			defaultConfigurationIsVisible = 0;
			defaultConfigurationName = Release;
		};
		552F10FC241317E600018F49 /* Build configuration list for PBXNativeTarget "InputValidation" */ = {
			isa = XCConfigurationList;
			buildConfigurations = (
				552F10FD241317E600018F49 /* Debug */,
				552F10FE241317E600018F49 /* Release */,
			);
			defaultConfigurationIsVisible = 0;
			defaultConfigurationName = Release;
		};
/* End XCConfigurationList section */
	};
	rootObject = 552F10DB241317E400018F49 /* Project object */;
}
